
Microsoft Visual Studio Solution File, Format Version 12.00
# Visual Studio Version 16
VisualStudioVersion = 16.0.30011.22
MinimumVisualStudioVersion = 10.0.40219.1
Project("{FAE04EC0-301F-11D3-BF4B-00C04F79EFBC}") = "SingleRun", "SingleRun\SingleRun.csproj", "{7C922FE2-8D2F-48E9-A209-CA3B39B48F93}"
EndProject
Project("{FAE04EC0-301F-11D3-BF4B-00C04F79EFBC}") = "ConfigReader", "ConfigReader\ConfigReader.csproj", "{489154E0-419A-462A-8A73-86E3C9936E75}"
EndProject
Project("{FAE04EC0-301F-11D3-BF4B-00C04F79EFBC}") = "ProcessRun", "ProcessRun\ProcessRun.csproj", "{548BF57B-583F-43DE-9A40-4CC7B7BBB58C}"
EndProject
Global
	GlobalSection(SolutionConfigurationPlatforms) = preSolution
		Debug|Any CPU = Debug|Any CPU
		Release|Any CPU = Release|Any CPU
	EndGlobalSection
	GlobalSection(ProjectConfigurationPlatforms) = postSolution
		{7C922FE2-8D2F-48E9-A209-CA3B39B48F93}.Debug|Any CPU.ActiveCfg = Debug|Any CPU
		{7C922FE2-8D2F-48E9-A209-CA3B39B48F93}.Debug|Any CPU.Build.0 = Debug|Any CPU
		{7C922FE2-8D2F-48E9-A209-CA3B39B48F93}.Release|Any CPU.ActiveCfg = Release|Any CPU
		{7C922FE2-8D2F-48E9-A209-CA3B39B48F93}.Release|Any CPU.Build.0 = Release|Any CPU
		{489154E0-419A-462A-8A73-86E3C9936E75}.Debug|Any CPU.ActiveCfg = Debug|Any CPU
		{489154E0-419A-462A-8A73-86E3C9936E75}.Debug|Any CPU.Build.0 = Debug|Any CPU
		{489154E0-419A-462A-8A73-86E3C9936E75}.Release|Any CPU.ActiveCfg = Release|Any CPU
		{489154E0-419A-462A-8A73-86E3C9936E75}.Release|Any CPU.Build.0 = Release|Any CPU
		{548BF57B-583F-43DE-9A40-4CC7B7BBB58C}.Debug|Any CPU.ActiveCfg = Debug|Any CPU
		{548BF57B-583F-43DE-9A40-4CC7B7BBB58C}.Debug|Any CPU.Build.0 = Debug|Any CPU
		{548BF57B-583F-43DE-9A40-4CC7B7BBB58C}.Release|Any CPU.ActiveCfg = Release|Any CPU
		{548BF57B-583F-43DE-9A40-4CC7B7BBB58C}.Release|Any CPU.Build.0 = Release|Any CPU
	EndGlobalSection
	GlobalSection(SolutionProperties) = preSolution
		HideSolutionNode = FALSE
	EndGlobalSection
	GlobalSection(ExtensibilityGlobals) = postSolution
		SolutionGuid = {D804B122-F639-469F-A4D8-B8693257DEA2}
	EndGlobalSection
EndGlobal
