
Microsoft Visual Studio Solution File, Format Version 12.00
# Visual Studio Version 16
VisualStudioVersion = 16.0.30011.22
MinimumVisualStudioVersion = 10.0.40219.1
Project("{FAE04EC0-301F-11D3-BF4B-00C04F79EFBC}") = "SingleRun", "SingleRun\SingleRun.csproj", "{7C922FE2-8D2F-48E9-A209-CA3B39B48F93}"
EndProject
Project("{FAE04EC0-301F-11D3-BF4B-00C04F79EFBC}") = "ConfigReader", "ConfigReader\ConfigReader.csproj", "{489154E0-419A-462A-8A73-86E3C9936E75}"
EndProject
Project("{FAE04EC0-301F-11D3-BF4B-00C04F79EFBC}") = "ProcessRun", "ProcessRun\ProcessRun.csproj", "{548BF57B-583F-43DE-9A40-4CC7B7BBB58C}"
EndProject
Project("{FAE04EC0-301F-11D3-BF4B-00C04F79EFBC}") = "ExampleRun", "ExampleRun\ExampleRun.csproj", "{D39EF8D5-2493-4533-AC5E-763A957CE45E}"
EndProject
Project("{FAE04EC0-301F-11D3-BF4B-00C04F79EFBC}") = "AttemptHack", "AttemptHack\AttemptHack.csproj", "{216F0D8C-B9C8-4475-BC3C-92BD0B47177B}"
EndProject
Project("{FAE04EC0-301F-11D3-BF4B-00C04F79EFBC}") = "JudgedSingleRun", "JudgedRun\JudgedSingleRun.csproj", "{BA0BE47E-4B96-47D1-BD96-559AC6A3A5E0}"
EndProject
Project("{9A19103F-16F7-4668-BE54-9A1E7A4F7556}") = "JudgedProcessRun", "JudgedProcessRun\JudgedProcessRun.csproj", "{AEC3B97F-F128-42F0-91B6-AAC9F49F1E95}"
EndProject
Project("{FAE04EC0-301F-11D3-BF4B-00C04F79EFBC}") = "JudgedExampleRun", "JudgedExampleRun\JudgedExampleRun.csproj", "{B607D9A1-0950-4624-92FA-A718DEF02869}"
EndProject
Project("{FAE04EC0-301F-11D3-BF4B-00C04F79EFBC}") = "JudgedAttemptHack", "JudgedAttemptHack\JudgedAttemptHack.csproj", "{230AF9F6-100E-457C-B8FC-B2970AE18C02}"
EndProject
Global
	GlobalSection(SolutionConfigurationPlatforms) = preSolution
		Debug|Any CPU = Debug|Any CPU
		Release|Any CPU = Release|Any CPU
	EndGlobalSection
	GlobalSection(ProjectConfigurationPlatforms) = postSolution
		{7C922FE2-8D2F-48E9-A209-CA3B39B48F93}.Debug|Any CPU.ActiveCfg = Debug|Any CPU
		{7C922FE2-8D2F-48E9-A209-CA3B39B48F93}.Debug|Any CPU.Build.0 = Debug|Any CPU
		{7C922FE2-8D2F-48E9-A209-CA3B39B48F93}.Release|Any CPU.ActiveCfg = Release|Any CPU
		{7C922FE2-8D2F-48E9-A209-CA3B39B48F93}.Release|Any CPU.Build.0 = Release|Any CPU
		{489154E0-419A-462A-8A73-86E3C9936E75}.Debug|Any CPU.ActiveCfg = Debug|Any CPU
		{489154E0-419A-462A-8A73-86E3C9936E75}.Debug|Any CPU.Build.0 = Debug|Any CPU
		{489154E0-419A-462A-8A73-86E3C9936E75}.Release|Any CPU.ActiveCfg = Release|Any CPU
		{489154E0-419A-462A-8A73-86E3C9936E75}.Release|Any CPU.Build.0 = Release|Any CPU
		{548BF57B-583F-43DE-9A40-4CC7B7BBB58C}.Debug|Any CPU.ActiveCfg = Debug|Any CPU
		{548BF57B-583F-43DE-9A40-4CC7B7BBB58C}.Debug|Any CPU.Build.0 = Debug|Any CPU
		{548BF57B-583F-43DE-9A40-4CC7B7BBB58C}.Release|Any CPU.ActiveCfg = Release|Any CPU
		{548BF57B-583F-43DE-9A40-4CC7B7BBB58C}.Release|Any CPU.Build.0 = Release|Any CPU
		{D39EF8D5-2493-4533-AC5E-763A957CE45E}.Debug|Any CPU.ActiveCfg = Debug|Any CPU
		{D39EF8D5-2493-4533-AC5E-763A957CE45E}.Debug|Any CPU.Build.0 = Debug|Any CPU
		{D39EF8D5-2493-4533-AC5E-763A957CE45E}.Release|Any CPU.ActiveCfg = Release|Any CPU
		{D39EF8D5-2493-4533-AC5E-763A957CE45E}.Release|Any CPU.Build.0 = Release|Any CPU
		{216F0D8C-B9C8-4475-BC3C-92BD0B47177B}.Debug|Any CPU.ActiveCfg = Debug|Any CPU
		{216F0D8C-B9C8-4475-BC3C-92BD0B47177B}.Debug|Any CPU.Build.0 = Debug|Any CPU
		{216F0D8C-B9C8-4475-BC3C-92BD0B47177B}.Release|Any CPU.ActiveCfg = Release|Any CPU
		{216F0D8C-B9C8-4475-BC3C-92BD0B47177B}.Release|Any CPU.Build.0 = Release|Any CPU
		{BA0BE47E-4B96-47D1-BD96-559AC6A3A5E0}.Debug|Any CPU.ActiveCfg = Debug|Any CPU
		{BA0BE47E-4B96-47D1-BD96-559AC6A3A5E0}.Debug|Any CPU.Build.0 = Debug|Any CPU
		{BA0BE47E-4B96-47D1-BD96-559AC6A3A5E0}.Release|Any CPU.ActiveCfg = Release|Any CPU
		{BA0BE47E-4B96-47D1-BD96-559AC6A3A5E0}.Release|Any CPU.Build.0 = Release|Any CPU
		{AEC3B97F-F128-42F0-91B6-AAC9F49F1E95}.Debug|Any CPU.ActiveCfg = Debug|Any CPU
		{AEC3B97F-F128-42F0-91B6-AAC9F49F1E95}.Debug|Any CPU.Build.0 = Debug|Any CPU
		{AEC3B97F-F128-42F0-91B6-AAC9F49F1E95}.Release|Any CPU.ActiveCfg = Release|Any CPU
		{AEC3B97F-F128-42F0-91B6-AAC9F49F1E95}.Release|Any CPU.Build.0 = Release|Any CPU
		{B607D9A1-0950-4624-92FA-A718DEF02869}.Debug|Any CPU.ActiveCfg = Debug|Any CPU
		{B607D9A1-0950-4624-92FA-A718DEF02869}.Debug|Any CPU.Build.0 = Debug|Any CPU
		{B607D9A1-0950-4624-92FA-A718DEF02869}.Release|Any CPU.ActiveCfg = Release|Any CPU
		{B607D9A1-0950-4624-92FA-A718DEF02869}.Release|Any CPU.Build.0 = Release|Any CPU
		{230AF9F6-100E-457C-B8FC-B2970AE18C02}.Debug|Any CPU.ActiveCfg = Debug|Any CPU
		{230AF9F6-100E-457C-B8FC-B2970AE18C02}.Debug|Any CPU.Build.0 = Debug|Any CPU
		{230AF9F6-100E-457C-B8FC-B2970AE18C02}.Release|Any CPU.ActiveCfg = Release|Any CPU
		{230AF9F6-100E-457C-B8FC-B2970AE18C02}.Release|Any CPU.Build.0 = Release|Any CPU
	EndGlobalSection
	GlobalSection(SolutionProperties) = preSolution
		HideSolutionNode = FALSE
	EndGlobalSection
	GlobalSection(ExtensibilityGlobals) = postSolution
		SolutionGuid = {D804B122-F639-469F-A4D8-B8693257DEA2}
	EndGlobalSection
EndGlobal
